
Microsoft Visual Studio Solution File, Format Version 12.00
# Visual Studio Version 17
VisualStudioVersion = 17.12.35707.178
MinimumVisualStudioVersion = 10.0.40219.1
Project("{FAE04EC0-301F-11D3-BF4B-00C04F79EFBC}") = "KPIEmployee", "KPIEmployee\KPIEmployee.csproj", "{C1FC06CE-9190-40E4-A16E-2BA75B3BF912}"
EndProject
Project("{FAE04EC0-301F-11D3-BF4B-00C04F79EFBC}") = "KPIauth", "KPIauth\KPIauth.csproj", "{C05029F3-CB4B-44B8-B603-28E165F62895}"
EndProject
Project("{FAE04EC0-301F-11D3-BF4B-00C04F79EFBC}") = "KPIdomain", "KPIdomain\KPIdomain.csproj", "{9480C4AB-AD5B-45C5-A5BE-42A09A2C41A4}"
EndProject
Project("{FAE04EC0-301F-11D3-BF4B-00C04F79EFBC}") = "KPIinfrastructure", "KPIinfrastructure\KPIinfrastructure.csproj", "{822B1065-E2CE-436A-99B0-357957B27F32}"
EndProject
Project("{FAE04EC0-301F-11D3-BF4B-00C04F79EFBC}") = "KPIapplication", "KPIapplication\KPIapplication.csproj", "{AFE1434E-9A84-4952-B513-98B1B86F6FB4}"
EndProject
Global
	GlobalSection(SolutionConfigurationPlatforms) = preSolution
		Debug|Any CPU = Debug|Any CPU
		Release|Any CPU = Release|Any CPU
	EndGlobalSection
	GlobalSection(ProjectConfigurationPlatforms) = postSolution
		{C1FC06CE-9190-40E4-A16E-2BA75B3BF912}.Debug|Any CPU.ActiveCfg = Debug|Any CPU
		{C1FC06CE-9190-40E4-A16E-2BA75B3BF912}.Debug|Any CPU.Build.0 = Debug|Any CPU
		{C1FC06CE-9190-40E4-A16E-2BA75B3BF912}.Release|Any CPU.ActiveCfg = Release|Any CPU
		{C1FC06CE-9190-40E4-A16E-2BA75B3BF912}.Release|Any CPU.Build.0 = Release|Any CPU
		{C05029F3-CB4B-44B8-B603-28E165F62895}.Debug|Any CPU.ActiveCfg = Debug|Any CPU
		{C05029F3-CB4B-44B8-B603-28E165F62895}.Debug|Any CPU.Build.0 = Debug|Any CPU
		{C05029F3-CB4B-44B8-B603-28E165F62895}.Release|Any CPU.ActiveCfg = Release|Any CPU
		{C05029F3-CB4B-44B8-B603-28E165F62895}.Release|Any CPU.Build.0 = Release|Any CPU
		{9480C4AB-AD5B-45C5-A5BE-42A09A2C41A4}.Debug|Any CPU.ActiveCfg = Debug|Any CPU
		{9480C4AB-AD5B-45C5-A5BE-42A09A2C41A4}.Debug|Any CPU.Build.0 = Debug|Any CPU
		{9480C4AB-AD5B-45C5-A5BE-42A09A2C41A4}.Release|Any CPU.ActiveCfg = Release|Any CPU
		{9480C4AB-AD5B-45C5-A5BE-42A09A2C41A4}.Release|Any CPU.Build.0 = Release|Any CPU
		{822B1065-E2CE-436A-99B0-357957B27F32}.Debug|Any CPU.ActiveCfg = Debug|Any CPU
		{822B1065-E2CE-436A-99B0-357957B27F32}.Debug|Any CPU.Build.0 = Debug|Any CPU
		{822B1065-E2CE-436A-99B0-357957B27F32}.Release|Any CPU.ActiveCfg = Release|Any CPU
		{822B1065-E2CE-436A-99B0-357957B27F32}.Release|Any CPU.Build.0 = Release|Any CPU
		{AFE1434E-9A84-4952-B513-98B1B86F6FB4}.Debug|Any CPU.ActiveCfg = Debug|Any CPU
		{AFE1434E-9A84-4952-B513-98B1B86F6FB4}.Debug|Any CPU.Build.0 = Debug|Any CPU
		{AFE1434E-9A84-4952-B513-98B1B86F6FB4}.Release|Any CPU.ActiveCfg = Release|Any CPU
		{AFE1434E-9A84-4952-B513-98B1B86F6FB4}.Release|Any CPU.Build.0 = Release|Any CPU
	EndGlobalSection
	GlobalSection(SolutionProperties) = preSolution
		HideSolutionNode = FALSE
	EndGlobalSection
EndGlobal
